
Microsoft Visual Studio Solution File, Format Version 12.00
# Visual Studio Version 16
VisualStudioVersion = 16.0.32106.194
MinimumVisualStudioVersion = 10.0.40219.1
Project("{FAE04EC0-301F-11D3-BF4B-00C04F79EFBC}") = "BetterLUTImport", "BetterLUTImport\BetterLUTImport.csproj", "{8286A148-3136-4FA8-865A-88AD6826CD85}"
EndProject
Global
	GlobalSection(SolutionConfigurationPlatforms) = preSolution
		Debug|Any CPU = Debug|Any CPU
		Release|Any CPU = Release|Any CPU
	EndGlobalSection
	GlobalSection(ProjectConfigurationPlatforms) = postSolution
		{8286A148-3136-4FA8-865A-88AD6826CD85}.Debug|Any CPU.ActiveCfg = Debug|Any CPU
		{8286A148-3136-4FA8-865A-88AD6826CD85}.Debug|Any CPU.Build.0 = Debug|Any CPU
		{8286A148-3136-4FA8-865A-88AD6826CD85}.Release|Any CPU.ActiveCfg = Release|Any CPU
		{8286A148-3136-4FA8-865A-88AD6826CD85}.Release|Any CPU.Build.0 = Release|Any CPU
	EndGlobalSection
	GlobalSection(SolutionProperties) = preSolution
		HideSolutionNode = FALSE
	EndGlobalSection
	GlobalSection(ExtensibilityGlobals) = postSolution
		SolutionGuid = {917A35C7-1943-4C74-A8DE-CDF2DE0F886E}
	EndGlobalSection
EndGlobal
